// !$*UTF8*$!
{
	archiveVersion = 1;
	classes = {
	};
	objectVersion = 50;
	objects = {

/* Begin PBXBuildFile section */
		A931D2B42378E43900F1C461 /* SneakerRecognition.mlmodel in Sources */ = {isa = PBXBuildFile; fileRef = A931D2B32378E43900F1C461 /* SneakerRecognition.mlmodel */; };
		A9D19A64237699DB00E5BACF /* AppDelegate.swift in Sources */ = {isa = PBXBuildFile; fileRef = A9D19A63237699DB00E5BACF /* AppDelegate.swift */; };
		A9D19A66237699DB00E5BACF /* SceneDelegate.swift in Sources */ = {isa = PBXBuildFile; fileRef = A9D19A65237699DB00E5BACF /* SceneDelegate.swift */; };
		A9D19A68237699DB00E5BACF /* ViewController.swift in Sources */ = {isa = PBXBuildFile; fileRef = A9D19A67237699DB00E5BACF /* ViewController.swift */; };
		A9D19A6B237699DB00E5BACF /* Main.storyboard in Resources */ = {isa = PBXBuildFile; fileRef = A9D19A69237699DB00E5BACF /* Main.storyboard */; };
		A9D19A6D237699DE00E5BACF /* Assets.xcassets in Resources */ = {isa = PBXBuildFile; fileRef = A9D19A6C237699DE00E5BACF /* Assets.xcassets */; };
		A9D19A70237699DE00E5BACF /* LaunchScreen.storyboard in Resources */ = {isa = PBXBuildFile; fileRef = A9D19A6E237699DE00E5BACF /* LaunchScreen.storyboard */; };
/* End PBXBuildFile section */

/* Begin PBXFileReference section */
		A931D2B32378E43900F1C461 /* SneakerRecognition.mlmodel */ = {isa = PBXFileReference; lastKnownFileType = file.mlmodel; path = SneakerRecognition.mlmodel; sourceTree = "<group>"; };
		A9D19A60237699DB00E5BACF /* Sneaker Sight.app */ = {isa = PBXFileReference; explicitFileType = wrapper.application; includeInIndex = 0; path = "Sneaker Sight.app"; sourceTree = BUILT_PRODUCTS_DIR; };
		A9D19A63237699DB00E5BACF /* AppDelegate.swift */ = {isa = PBXFileReference; lastKnownFileType = sourcecode.swift; path = AppDelegate.swift; sourceTree = "<group>"; };
		A9D19A65237699DB00E5BACF /* SceneDelegate.swift */ = {isa = PBXFileReference; lastKnownFileType = sourcecode.swift; path = SceneDelegate.swift; sourceTree = "<group>"; };
		A9D19A67237699DB00E5BACF /* ViewController.swift */ = {isa = PBXFileReference; lastKnownFileType = sourcecode.swift; path = ViewController.swift; sourceTree = "<group>"; };
		A9D19A6A237699DB00E5BACF /* Base */ = {isa = PBXFileReference; lastKnownFileType = file.storyboard; name = Base; path = Base.lproj/Main.storyboard; sourceTree = "<group>"; };
		A9D19A6C237699DE00E5BACF /* Assets.xcassets */ = {isa = PBXFileReference; lastKnownFileType = folder.assetcatalog; path = Assets.xcassets; sourceTree = "<group>"; };
		A9D19A6F237699DE00E5BACF /* Base */ = {isa = PBXFileReference; lastKnownFileType = file.storyboard; name = Base; path = Base.lproj/LaunchScreen.storyboard; sourceTree = "<group>"; };
		A9D19A71237699DE00E5BACF /* Info.plist */ = {isa = PBXFileReference; lastKnownFileType = text.plist.xml; path = Info.plist; sourceTree = "<group>"; };
/* End PBXFileReference section */

/* Begin PBXFrameworksBuildPhase section */
		A9D19A5D237699DB00E5BACF /* Frameworks */ = {
			isa = PBXFrameworksBuildPhase;
			buildActionMask = 2147483647;
			files = (
			);
			runOnlyForDeploymentPostprocessing = 0;
		};
/* End PBXFrameworksBuildPhase section */

/* Begin PBXGroup section */
		A9D19A57237699DB00E5BACF = {
			isa = PBXGroup;
			children = (
				A9D19A62237699DB00E5BACF /* Sneaker Sight */,
				A9D19A61237699DB00E5BACF /* Products */,
			);
			sourceTree = "<group>";
		};
		A9D19A61237699DB00E5BACF /* Products */ = {
			isa = PBXGroup;
			children = (
				A9D19A60237699DB00E5BACF /* Sneaker Sight.app */,
			);
			name = Products;
			sourceTree = "<group>";
		};
		A9D19A62237699DB00E5BACF /* Sneaker Sight */ = {
			isa = PBXGroup;
			children = (
				A9D19A63237699DB00E5BACF /* AppDelegate.swift */,
				A9D19A65237699DB00E5BACF /* SceneDelegate.swift */,
				A9D19A67237699DB00E5BACF /* ViewController.swift */,
				A931D2B32378E43900F1C461 /* SneakerRecognition.mlmodel */,
				A9D19A69237699DB00E5BACF /* Main.storyboard */,
				A9D19A6C237699DE00E5BACF /* Assets.xcassets */,
				A9D19A6E237699DE00E5BACF /* LaunchScreen.storyboard */,
				A9D19A71237699DE00E5BACF /* Info.plist */,
			);
			path = "Sneaker Sight";
			sourceTree = "<group>";
		};
/* End PBXGroup section */

/* Begin PBXNativeTarget section */
		A9D19A5F237699DB00E5BACF /* Sneaker Sight */ = {
			isa = PBXNativeTarget;
			buildConfigurationList = A9D19A74237699DE00E5BACF /* Build configuration list for PBXNativeTarget "Sneaker Sight" */;
			buildPhases = (
				A9D19A5C237699DB00E5BACF /* Sources */,
				A9D19A5D237699DB00E5BACF /* Frameworks */,
				A9D19A5E237699DB00E5BACF /* Resources */,
			);
			buildRules = (
			);
			dependencies = (
			);
			name = "Sneaker Sight";
			productName = "Sneaker Sight";
			productReference = A9D19A60237699DB00E5BACF /* Sneaker Sight.app */;
			productType = "com.apple.product-type.application";
		};
/* End PBXNativeTarget section */

/* Begin PBXProject section */
		A9D19A58237699DB00E5BACF /* Project object */ = {
			isa = PBXProject;
			attributes = {
				LastSwiftUpdateCheck = 1120;
				LastUpgradeCheck = 1120;
				ORGANIZATIONNAME = "Michael Bernasol";
				TargetAttributes = {
					A9D19A5F237699DB00E5BACF = {
						CreatedOnToolsVersion = 11.2;
					};
				};
			};
			buildConfigurationList = A9D19A5B237699DB00E5BACF /* Build configuration list for PBXProject "Sneaker Sight" */;
			compatibilityVersion = "Xcode 9.3";
			developmentRegion = en;
			hasScannedForEncodings = 0;
			knownRegions = (
				en,
				Base,
			);
			mainGroup = A9D19A57237699DB00E5BACF;
			productRefGroup = A9D19A61237699DB00E5BACF /* Products */;
			projectDirPath = "";
			projectRoot = "";
			targets = (
				A9D19A5F237699DB00E5BACF /* Sneaker Sight */,
			);
		};
/* End PBXProject section */

/* Begin PBXResourcesBuildPhase section */
		A9D19A5E237699DB00E5BACF /* Resources */ = {
			isa = PBXResourcesBuildPhase;
			buildActionMask = 2147483647;
			files = (
				A9D19A70237699DE00E5BACF /* LaunchScreen.storyboard in Resources */,
				A9D19A6D237699DE00E5BACF /* Assets.xcassets in Resources */,
				A9D19A6B237699DB00E5BACF /* Main.storyboard in Resources */,
			);
			runOnlyForDeploymentPostprocessing = 0;
		};
/* End PBXResourcesBuildPhase section */

/* Begin PBXSourcesBuildPhase section */
		A9D19A5C237699DB00E5BACF /* Sources */ = {
			isa = PBXSourcesBuildPhase;
			buildActionMask = 2147483647;
			files = (
				A931D2B42378E43900F1C461 /* SneakerRecognition.mlmodel in Sources */,
				A9D19A68237699DB00E5BACF /* ViewController.swift in Sources */,
				A9D19A64237699DB00E5BACF /* AppDelegate.swift in Sources */,
				A9D19A66237699DB00E5BACF /* SceneDelegate.swift in Sources */,
			);
			runOnlyForDeploymentPostprocessing = 0;
		};
/* End PBXSourcesBuildPhase section */

/* Begin PBXVariantGroup section */
		A9D19A69237699DB00E5BACF /* Main.storyboard */ = {
			isa = PBXVariantGroup;
			children = (
				A9D19A6A237699DB00E5BACF /* Base */,
			);
			name = Main.storyboard;
			sourceTree = "<group>";
		};
		A9D19A6E237699DE00E5BACF /* LaunchScreen.storyboard */ = {
			isa = PBXVariantGroup;
			children = (
				A9D19A6F237699DE00E5BACF /* Base */,
			);
			name = LaunchScreen.storyboard;
			sourceTree = "<group>";
		};
/* End PBXVariantGroup section */

/* Begin XCBuildConfiguration section */
		A9D19A72237699DE00E5BACF /* Debug */ = {
			isa = XCBuildConfiguration;
			buildSettings = {
				ALWAYS_SEARCH_USER_PATHS = NO;
				CLANG_ANALYZER_NONNULL = YES;
				CLANG_ANALYZER_NUMBER_OBJECT_CONVERSION = YES_AGGRESSIVE;
				CLANG_CXX_LANGUAGE_STANDARD = "gnu++14";
				CLANG_CXX_LIBRARY = "libc++";
				CLANG_ENABLE_MODULES = YES;
				CLANG_ENABLE_OBJC_ARC = YES;
				CLANG_ENABLE_OBJC_WEAK = YES;
				CLANG_WARN_BLOCK_CAPTURE_AUTORELEASING = YES;
				CLANG_WARN_BOOL_CONVERSION = YES;
				CLANG_WARN_COMMA = YES;
				CLANG_WARN_CONSTANT_CONVERSION = YES;
				CLANG_WARN_DEPRECATED_OBJC_IMPLEMENTATIONS = YES;
				CLANG_WARN_DIRECT_OBJC_ISA_USAGE = YES_ERROR;
				CLANG_WARN_DOCUMENTATION_COMMENTS = YES;
				CLANG_WARN_EMPTY_BODY = YES;
				CLANG_WARN_ENUM_CONVERSION = YES;
				CLANG_WARN_INFINITE_RECURSION = YES;
				CLANG_WARN_INT_CONVERSION = YES;
				CLANG_WARN_NON_LITERAL_NULL_CONVERSION = YES;
				CLANG_WARN_OBJC_IMPLICIT_RETAIN_SELF = YES;
				CLANG_WARN_OBJC_LITERAL_CONVERSION = YES;
				CLANG_WARN_OBJC_ROOT_CLASS = YES_ERROR;
				CLANG_WARN_RANGE_LOOP_ANALYSIS = YES;
				CLANG_WARN_STRICT_PROTOTYPES = YES;
				CLANG_WARN_SUSPICIOUS_MOVE = YES;
				CLANG_WARN_UNGUARDED_AVAILABILITY = YES_AGGRESSIVE;
				CLANG_WARN_UNREACHABLE_CODE = YES;
				CLANG_WARN__DUPLICATE_METHOD_MATCH = YES;
				COPY_PHASE_STRIP = NO;
				DEBUG_INFORMATION_FORMAT = dwarf;
				ENABLE_STRICT_OBJC_MSGSEND = YES;
				ENABLE_TESTABILITY = YES;
				GCC_C_LANGUAGE_STANDARD = gnu11;
				GCC_DYNAMIC_NO_PIC = NO;
				GCC_NO_COMMON_BLOCKS = YES;
				GCC_OPTIMIZATION_LEVEL = 0;
				GCC_PREPROCESSOR_DEFINITIONS = (
					"DEBUG=1",
					"$(inherited)",
				);
				GCC_WARN_64_TO_32_BIT_CONVERSION = YES;
				GCC_WARN_ABOUT_RETURN_TYPE = YES_ERROR;
				GCC_WARN_UNDECLARED_SELECTOR = YES;
				GCC_WARN_UNINITIALIZED_AUTOS = YES_AGGRESSIVE;
				GCC_WARN_UNUSED_FUNCTION = YES;
				GCC_WARN_UNUSED_VARIABLE = YES;
				IPHONEOS_DEPLOYMENT_TARGET = 13.2;
				MTL_ENABLE_DEBUG_INFO = INCLUDE_SOURCE;
				MTL_FAST_MATH = YES;
				ONLY_ACTIVE_ARCH = YES;
				SDKROOT = iphoneos;
				SWIFT_ACTIVE_COMPILATION_CONDITIONS = DEBUG;
				SWIFT_OPTIMIZATION_LEVEL = "-Onone";
			};
			name = Debug;
		};
		A9D19A73237699DE00E5BACF /* Release */ = {
			isa = XCBuildConfiguration;
			buildSettings = {
				ALWAYS_SEARCH_USER_PATHS = NO;
				CLANG_ANALYZER_NONNULL = YES;
				CLANG_ANALYZER_NUMBER_OBJECT_CONVERSION = YES_AGGRESSIVE;
				CLANG_CXX_LANGUAGE_STANDARD = "gnu++14";
				CLANG_CXX_LIBRARY = "libc++";
				CLANG_ENABLE_MODULES = YES;
				CLANG_ENABLE_OBJC_ARC = YES;
				CLANG_ENABLE_OBJC_WEAK = YES;
				CLANG_WARN_BLOCK_CAPTURE_AUTORELEASING = YES;
				CLANG_WARN_BOOL_CONVERSION = YES;
				CLANG_WARN_COMMA = YES;
				CLANG_WARN_CONSTANT_CONVERSION = YES;
				CLANG_WARN_DEPRECATED_OBJC_IMPLEMENTATIONS = YES;
				CLANG_WARN_DIRECT_OBJC_ISA_USAGE = YES_ERROR;
				CLANG_WARN_DOCUMENTATION_COMMENTS = YES;
				CLANG_WARN_EMPTY_BODY = YES;
				CLANG_WARN_ENUM_CONVERSION = YES;
				CLANG_WARN_INFINITE_RECURSION = YES;
				CLANG_WARN_INT_CONVERSION = YES;
				CLANG_WARN_NON_LITERAL_NULL_CONVERSION = YES;
				CLANG_WARN_OBJC_IMPLICIT_RETAIN_SELF = YES;
				CLANG_WARN_OBJC_LITERAL_CONVERSION = YES;
				CLANG_WARN_OBJC_ROOT_CLASS = YES_ERROR;
				CLANG_WARN_RANGE_LOOP_ANALYSIS = YES;
				CLANG_WARN_STRICT_PROTOTYPES = YES;
				CLANG_WARN_SUSPICIOUS_MOVE = YES;
				CLANG_WARN_UNGUARDED_AVAILABILITY = YES_AGGRESSIVE;
				CLANG_WARN_UNREACHABLE_CODE = YES;
				CLANG_WARN__DUPLICATE_METHOD_MATCH = YES;
				COPY_PHASE_STRIP = NO;
				DEBUG_INFORMATION_FORMAT = "dwarf-with-dsym";
				ENABLE_NS_ASSERTIONS = NO;
				ENABLE_STRICT_OBJC_MSGSEND = YES;
				GCC_C_LANGUAGE_STANDARD = gnu11;
				GCC_NO_COMMON_BLOCKS = YES;
				GCC_WARN_64_TO_32_BIT_CONVERSION = YES;
				GCC_WARN_ABOUT_RETURN_TYPE = YES_ERROR;
				GCC_WARN_UNDECLARED_SELECTOR = YES;
				GCC_WARN_UNINITIALIZED_AUTOS = YES_AGGRESSIVE;
				GCC_WARN_UNUSED_FUNCTION = YES;
				GCC_WARN_UNUSED_VARIABLE = YES;
				IPHONEOS_DEPLOYMENT_TARGET = 13.2;
				MTL_ENABLE_DEBUG_INFO = NO;
				MTL_FAST_MATH = YES;
				SDKROOT = iphoneos;
				SWIFT_COMPILATION_MODE = wholemodule;
				SWIFT_OPTIMIZATION_LEVEL = "-O";
				VALIDATE_PRODUCT = YES;
			};
			name = Release;
		};
		A9D19A75237699DE00E5BACF /* Debug */ = {
			isa = XCBuildConfiguration;
			buildSettings = {
				ASSETCATALOG_COMPILER_APPICON_NAME = AppIcon;
				CODE_SIGN_STYLE = Automatic;
				DEVELOPMENT_TEAM = YN5SH6S3A9;
				INFOPLIST_FILE = "Sneaker Sight/Info.plist";
				IPHONEOS_DEPLOYMENT_TARGET = 13.1;
				LD_RUNPATH_SEARCH_PATHS = (
					"$(inherited)",
					"@executable_path/Frameworks",
				);
				PRODUCT_BUNDLE_IDENTIFIER = "com.michaelbernasol.Sneaker-Sight";
				PRODUCT_NAME = "$(TARGET_NAME)";
				SWIFT_VERSION = 5.0;
				TARGETED_DEVICE_FAMILY = "1,2";
			};
			name = Debug;
		};
		A9D19A76237699DE00E5BACF /* Release */ = {
			isa = XCBuildConfiguration;
			buildSettings = {
				ASSETCATALOG_COMPILER_APPICON_NAME = AppIcon;
				CODE_SIGN_STYLE = Automatic;
				DEVELOPMENT_TEAM = YN5SH6S3A9;
				INFOPLIST_FILE = "Sneaker Sight/Info.plist";
				IPHONEOS_DEPLOYMENT_TARGET = 13.1;
				LD_RUNPATH_SEARCH_PATHS = (
					"$(inherited)",
					"@executable_path/Frameworks",
				);
				PRODUCT_BUNDLE_IDENTIFIER = "com.michaelbernasol.Sneaker-Sight";
				PRODUCT_NAME = "$(TARGET_NAME)";
				SWIFT_VERSION = 5.0;
				TARGETED_DEVICE_FAMILY = "1,2";
			};
			name = Release;
		};
/* End XCBuildConfiguration section */

/* Begin XCConfigurationList section */
		A9D19A5B237699DB00E5BACF /* Build configuration list for PBXProject "Sneaker Sight" */ = {
			isa = XCConfigurationList;
			buildConfigurations = (
				A9D19A72237699DE00E5BACF /* Debug */,
				A9D19A73237699DE00E5BACF /* Release */,
			);
			defaultConfigurationIsVisible = 0;
			defaultConfigurationName = Release;
		};
		A9D19A74237699DE00E5BACF /* Build configuration list for PBXNativeTarget "Sneaker Sight" */ = {
			isa = XCConfigurationList;
			buildConfigurations = (
				A9D19A75237699DE00E5BACF /* Debug */,
				A9D19A76237699DE00E5BACF /* Release */,
			);
			defaultConfigurationIsVisible = 0;
			defaultConfigurationName = Release;
		};
/* End XCConfigurationList section */
	};
	rootObject = A9D19A58237699DB00E5BACF /* Project object */;
}
